
Microsoft Visual Studio Solution File, Format Version 12.00
# Visual Studio 15
VisualStudioVersion = 15.0.27428.2015
MinimumVisualStudioVersion = 10.0.40219.1
Project("{FAE04EC0-301F-11D3-BF4B-00C04F79EFBC}") = "AnaProje", "AnaProje\AnaProje.csproj", "{413B290E-A81A-41FF-9EEC-00A53908FC66}"
	ProjectSection(ProjectDependencies) = postProject
		{6EB5601B-8A24-422A-8AD6-595253D6D0FD} = {6EB5601B-8A24-422A-8AD6-595253D6D0FD}
	EndProjectSection
EndProject
Project("{FAE04EC0-301F-11D3-BF4B-00C04F79EFBC}") = "VeriTabani", "VeriTabani\VeriTabani.csproj", "{6EB5601B-8A24-422A-8AD6-595253D6D0FD}"
EndProject
Project("{2150E333-8FDC-42A3-9474-1A3956D46DE8}") = "Form", "Form", "{559D3A71-AE6D-4C48-BF76-ECCD8F0C2CEE}"
EndProject
Project("{FAE04EC0-301F-11D3-BF4B-00C04F79EFBC}") = "Duzenle", "Duzenle\Duzenle.csproj", "{D23D5455-91A2-4EF7-A907-638245328929}"
EndProject
Project("{FAE04EC0-301F-11D3-BF4B-00C04F79EFBC}") = "Ortak", "Ortak\Ortak.csproj", "{D8CC9131-CD0B-4A09-8E9F-FF7AC04D4751}"
EndProject
Project("{FAE04EC0-301F-11D3-BF4B-00C04F79EFBC}") = "OlayKayit", "OlayKayit\OlayKayit.csproj", "{3A8F6EFC-6669-4CD5-8C5E-4F28F85955BC}"
EndProject
Project("{FAE04EC0-301F-11D3-BF4B-00C04F79EFBC}") = "Istatistikler", "Istatistikler\Istatistikler.csproj", "{5CC2AFC1-1F32-460B-B507-CAD11B283389}"
EndProject
Project("{FAE04EC0-301F-11D3-BF4B-00C04F79EFBC}") = "Profilim", "Profilim\Profilim.csproj", "{E976DB64-C863-4E74-B246-9969330C4023}"
EndProject
Project("{FAE04EC0-301F-11D3-BF4B-00C04F79EFBC}") = "Iletisim", "Iletisim\Iletisim.csproj", "{A92572BA-1EE9-4EBD-8158-971A0FA5A902}"
EndProject
Project("{FAE04EC0-301F-11D3-BF4B-00C04F79EFBC}") = "AnaSayfa", "AnaSayfa\AnaSayfa.csproj", "{413E0031-40FE-45F0-A4EF-0C65ADF565A4}"
EndProject
Global
	GlobalSection(SolutionConfigurationPlatforms) = preSolution
		Debug|Any CPU = Debug|Any CPU
		Release|Any CPU = Release|Any CPU
	EndGlobalSection
	GlobalSection(ProjectConfigurationPlatforms) = postSolution
		{413B290E-A81A-41FF-9EEC-00A53908FC66}.Debug|Any CPU.ActiveCfg = Debug|Any CPU
		{413B290E-A81A-41FF-9EEC-00A53908FC66}.Debug|Any CPU.Build.0 = Debug|Any CPU
		{413B290E-A81A-41FF-9EEC-00A53908FC66}.Release|Any CPU.ActiveCfg = Release|Any CPU
		{413B290E-A81A-41FF-9EEC-00A53908FC66}.Release|Any CPU.Build.0 = Release|Any CPU
		{6EB5601B-8A24-422A-8AD6-595253D6D0FD}.Debug|Any CPU.ActiveCfg = Debug|Any CPU
		{6EB5601B-8A24-422A-8AD6-595253D6D0FD}.Debug|Any CPU.Build.0 = Debug|Any CPU
		{6EB5601B-8A24-422A-8AD6-595253D6D0FD}.Release|Any CPU.ActiveCfg = Release|Any CPU
		{6EB5601B-8A24-422A-8AD6-595253D6D0FD}.Release|Any CPU.Build.0 = Release|Any CPU
		{D23D5455-91A2-4EF7-A907-638245328929}.Debug|Any CPU.ActiveCfg = Debug|Any CPU
		{D23D5455-91A2-4EF7-A907-638245328929}.Debug|Any CPU.Build.0 = Debug|Any CPU
		{D23D5455-91A2-4EF7-A907-638245328929}.Release|Any CPU.ActiveCfg = Release|Any CPU
		{D23D5455-91A2-4EF7-A907-638245328929}.Release|Any CPU.Build.0 = Release|Any CPU
		{D8CC9131-CD0B-4A09-8E9F-FF7AC04D4751}.Debug|Any CPU.ActiveCfg = Debug|Any CPU
		{D8CC9131-CD0B-4A09-8E9F-FF7AC04D4751}.Debug|Any CPU.Build.0 = Debug|Any CPU
		{D8CC9131-CD0B-4A09-8E9F-FF7AC04D4751}.Release|Any CPU.ActiveCfg = Release|Any CPU
		{D8CC9131-CD0B-4A09-8E9F-FF7AC04D4751}.Release|Any CPU.Build.0 = Release|Any CPU
		{3A8F6EFC-6669-4CD5-8C5E-4F28F85955BC}.Debug|Any CPU.ActiveCfg = Debug|Any CPU
		{3A8F6EFC-6669-4CD5-8C5E-4F28F85955BC}.Debug|Any CPU.Build.0 = Debug|Any CPU
		{3A8F6EFC-6669-4CD5-8C5E-4F28F85955BC}.Release|Any CPU.ActiveCfg = Release|Any CPU
		{3A8F6EFC-6669-4CD5-8C5E-4F28F85955BC}.Release|Any CPU.Build.0 = Release|Any CPU
		{5CC2AFC1-1F32-460B-B507-CAD11B283389}.Debug|Any CPU.ActiveCfg = Debug|Any CPU
		{5CC2AFC1-1F32-460B-B507-CAD11B283389}.Debug|Any CPU.Build.0 = Debug|Any CPU
		{5CC2AFC1-1F32-460B-B507-CAD11B283389}.Release|Any CPU.ActiveCfg = Release|Any CPU
		{5CC2AFC1-1F32-460B-B507-CAD11B283389}.Release|Any CPU.Build.0 = Release|Any CPU
		{E976DB64-C863-4E74-B246-9969330C4023}.Debug|Any CPU.ActiveCfg = Debug|Any CPU
		{E976DB64-C863-4E74-B246-9969330C4023}.Debug|Any CPU.Build.0 = Debug|Any CPU
		{E976DB64-C863-4E74-B246-9969330C4023}.Release|Any CPU.ActiveCfg = Release|Any CPU
		{E976DB64-C863-4E74-B246-9969330C4023}.Release|Any CPU.Build.0 = Release|Any CPU
		{A92572BA-1EE9-4EBD-8158-971A0FA5A902}.Debug|Any CPU.ActiveCfg = Debug|Any CPU
		{A92572BA-1EE9-4EBD-8158-971A0FA5A902}.Debug|Any CPU.Build.0 = Debug|Any CPU
		{A92572BA-1EE9-4EBD-8158-971A0FA5A902}.Release|Any CPU.ActiveCfg = Release|Any CPU
		{A92572BA-1EE9-4EBD-8158-971A0FA5A902}.Release|Any CPU.Build.0 = Release|Any CPU
		{413E0031-40FE-45F0-A4EF-0C65ADF565A4}.Debug|Any CPU.ActiveCfg = Debug|Any CPU
		{413E0031-40FE-45F0-A4EF-0C65ADF565A4}.Debug|Any CPU.Build.0 = Debug|Any CPU
		{413E0031-40FE-45F0-A4EF-0C65ADF565A4}.Release|Any CPU.ActiveCfg = Release|Any CPU
		{413E0031-40FE-45F0-A4EF-0C65ADF565A4}.Release|Any CPU.Build.0 = Release|Any CPU
	EndGlobalSection
	GlobalSection(SolutionProperties) = preSolution
		HideSolutionNode = FALSE
	EndGlobalSection
	GlobalSection(NestedProjects) = preSolution
		{D23D5455-91A2-4EF7-A907-638245328929} = {559D3A71-AE6D-4C48-BF76-ECCD8F0C2CEE}
		{D8CC9131-CD0B-4A09-8E9F-FF7AC04D4751} = {559D3A71-AE6D-4C48-BF76-ECCD8F0C2CEE}
		{3A8F6EFC-6669-4CD5-8C5E-4F28F85955BC} = {559D3A71-AE6D-4C48-BF76-ECCD8F0C2CEE}
		{5CC2AFC1-1F32-460B-B507-CAD11B283389} = {559D3A71-AE6D-4C48-BF76-ECCD8F0C2CEE}
		{E976DB64-C863-4E74-B246-9969330C4023} = {559D3A71-AE6D-4C48-BF76-ECCD8F0C2CEE}
		{A92572BA-1EE9-4EBD-8158-971A0FA5A902} = {559D3A71-AE6D-4C48-BF76-ECCD8F0C2CEE}
		{413E0031-40FE-45F0-A4EF-0C65ADF565A4} = {559D3A71-AE6D-4C48-BF76-ECCD8F0C2CEE}
	EndGlobalSection
	GlobalSection(ExtensibilityGlobals) = postSolution
		SolutionGuid = {CD6F6AA2-D664-44B2-B227-0472CA3D51EF}
	EndGlobalSection
EndGlobal
